
Microsoft Visual Studio Solution File, Format Version 12.00
# Visual Studio 2012
Project("{FAE04EC0-301F-11D3-BF4B-00C04F79EFBC}") = "ChameleonForms.Example", "ChameleonForms.Example\ChameleonForms.Example.csproj", "{A51A9FA4-12D6-4980-BEF9-D1DED004F16C}"
EndProject
Project("{2150E333-8FDC-42A3-9474-1A3956D46DE8}") = ".nuget", ".nuget", "{07599B0A-359D-45A6-90A0-D5D2356C7DFD}"
	ProjectSection(SolutionItems) = preProject
		.nuget\NuGet.Config = .nuget\NuGet.Config
		.nuget\NuGet.exe = .nuget\NuGet.exe
		.nuget\NuGet.targets = .nuget\NuGet.targets
	EndProjectSection
EndProject
Project("{FAE04EC0-301F-11D3-BF4B-00C04F79EFBC}") = "ChameleonForms", "ChameleonForms\ChameleonForms.csproj", "{854754FE-F40A-47EB-B32D-646E8F35C65F}"
EndProject
Project("{FAE04EC0-301F-11D3-BF4B-00C04F79EFBC}") = "ChameleonForms.Tests", "ChameleonForms.Tests\ChameleonForms.Tests.csproj", "{2C424EBF-3B1E-4E01-AAFC-5407EC9B4CD0}"
EndProject
Project("{2150E333-8FDC-42A3-9474-1A3956D46DE8}") = "Solution Items", "Solution Items", "{950DEBD6-FCA3-47B8-9E1F-0005E79BD664}"
	ProjectSection(SolutionItems) = preProject
		AppStart.cs.pp = AppStart.cs.pp
		BREAKING_CHANGES.md = BREAKING_CHANGES.md
		LICENSE = LICENSE
		logo.png = logo.png
		README.md = README.md
		ChameleonForms\readme.txt = ChameleonForms\readme.txt
		web.config.transform = web.config.transform
	EndProjectSection
EndProject
Project("{FAE04EC0-301F-11D3-BF4B-00C04F79EFBC}") = "ChameleonForms.AcceptanceTests", "ChameleonForms.AcceptanceTests\ChameleonForms.AcceptanceTests.csproj", "{67A08E34-2498-404D-9869-E13F4F496B3E}"
EndProject
Global
	GlobalSection(SolutionConfigurationPlatforms) = preSolution
		CodeAnalysis|Any CPU = CodeAnalysis|Any CPU
		Debug|Any CPU = Debug|Any CPU
		Release|Any CPU = Release|Any CPU
	EndGlobalSection
	GlobalSection(ProjectConfigurationPlatforms) = postSolution
		{A51A9FA4-12D6-4980-BEF9-D1DED004F16C}.CodeAnalysis|Any CPU.ActiveCfg = Release|Any CPU
		{A51A9FA4-12D6-4980-BEF9-D1DED004F16C}.CodeAnalysis|Any CPU.Build.0 = Release|Any CPU
		{A51A9FA4-12D6-4980-BEF9-D1DED004F16C}.Debug|Any CPU.ActiveCfg = Debug|Any CPU
		{A51A9FA4-12D6-4980-BEF9-D1DED004F16C}.Debug|Any CPU.Build.0 = Debug|Any CPU
		{A51A9FA4-12D6-4980-BEF9-D1DED004F16C}.Release|Any CPU.ActiveCfg = Release|Any CPU
		{A51A9FA4-12D6-4980-BEF9-D1DED004F16C}.Release|Any CPU.Build.0 = Release|Any CPU
		{854754FE-F40A-47EB-B32D-646E8F35C65F}.CodeAnalysis|Any CPU.ActiveCfg = Release|Any CPU
		{854754FE-F40A-47EB-B32D-646E8F35C65F}.CodeAnalysis|Any CPU.Build.0 = Release|Any CPU
		{854754FE-F40A-47EB-B32D-646E8F35C65F}.Debug|Any CPU.ActiveCfg = Debug|Any CPU
		{854754FE-F40A-47EB-B32D-646E8F35C65F}.Debug|Any CPU.Build.0 = Debug|Any CPU
		{854754FE-F40A-47EB-B32D-646E8F35C65F}.Release|Any CPU.ActiveCfg = Release|Any CPU
		{854754FE-F40A-47EB-B32D-646E8F35C65F}.Release|Any CPU.Build.0 = Release|Any CPU
		{2C424EBF-3B1E-4E01-AAFC-5407EC9B4CD0}.CodeAnalysis|Any CPU.ActiveCfg = Release|Any CPU
		{2C424EBF-3B1E-4E01-AAFC-5407EC9B4CD0}.CodeAnalysis|Any CPU.Build.0 = Release|Any CPU
		{2C424EBF-3B1E-4E01-AAFC-5407EC9B4CD0}.Debug|Any CPU.ActiveCfg = Debug|Any CPU
		{2C424EBF-3B1E-4E01-AAFC-5407EC9B4CD0}.Debug|Any CPU.Build.0 = Debug|Any CPU
		{2C424EBF-3B1E-4E01-AAFC-5407EC9B4CD0}.Release|Any CPU.ActiveCfg = Release|Any CPU
		{2C424EBF-3B1E-4E01-AAFC-5407EC9B4CD0}.Release|Any CPU.Build.0 = Release|Any CPU
		{67A08E34-2498-404D-9869-E13F4F496B3E}.CodeAnalysis|Any CPU.ActiveCfg = Release|Any CPU
		{67A08E34-2498-404D-9869-E13F4F496B3E}.CodeAnalysis|Any CPU.Build.0 = Release|Any CPU
		{67A08E34-2498-404D-9869-E13F4F496B3E}.Debug|Any CPU.ActiveCfg = Debug|Any CPU
		{67A08E34-2498-404D-9869-E13F4F496B3E}.Debug|Any CPU.Build.0 = Debug|Any CPU
		{67A08E34-2498-404D-9869-E13F4F496B3E}.Release|Any CPU.ActiveCfg = Release|Any CPU
		{67A08E34-2498-404D-9869-E13F4F496B3E}.Release|Any CPU.Build.0 = Release|Any CPU
	EndGlobalSection
	GlobalSection(SolutionProperties) = preSolution
		HideSolutionNode = FALSE
	EndGlobalSection
EndGlobal
