
Microsoft Visual Studio Solution File, Format Version 12.00
# Visual Studio 15
VisualStudioVersion = 15.0.28010.2041
MinimumVisualStudioVersion = 10.0.40219.1
Project("{2150E333-8FDC-42A3-9474-1A3956D46DE8}") = ".nuget", ".nuget", "{07599B0A-359D-45A6-90A0-D5D2356C7DFD}"
	ProjectSection(SolutionItems) = preProject
		.nuget\NuGet.Config = .nuget\NuGet.Config
		.nuget\NuGet.exe = .nuget\NuGet.exe
		.nuget\NuGet.targets = .nuget\NuGet.targets
	EndProjectSection
EndProject
Project("{9A19103F-16F7-4668-BE54-9A1E7A4F7556}") = "ChameleonForms", "ChameleonForms\ChameleonForms.csproj", "{854754FE-F40A-47EB-B32D-646E8F35C65F}"
EndProject
Project("{9A19103F-16F7-4668-BE54-9A1E7A4F7556}") = "ChameleonForms.Tests", "ChameleonForms.Tests\ChameleonForms.Tests.csproj", "{2C424EBF-3B1E-4E01-AAFC-5407EC9B4CD0}"
EndProject
Project("{2150E333-8FDC-42A3-9474-1A3956D46DE8}") = "Solution Items", "Solution Items", "{950DEBD6-FCA3-47B8-9E1F-0005E79BD664}"
	ProjectSection(SolutionItems) = preProject
		AppStart.cs.pp = AppStart.cs.pp
		AppStart.TwitterBootstrap.cs.pp = AppStart.TwitterBootstrap.cs.pp
		BREAKING_CHANGES.md = BREAKING_CHANGES.md
		ChameleonForms.nuspec = ChameleonForms.nuspec
		ChameleonForms.TwitterBootstrap3.nuspec = ChameleonForms.TwitterBootstrap3.nuspec
		GitVersionConfig.yaml = GitVersionConfig.yaml
		LICENSE = LICENSE
		logo.png = logo.png
		mkdocs.yml = mkdocs.yml
		README.md = README.md
		ChameleonForms\readme.txt = ChameleonForms\readme.txt
		web.config.transform = web.config.transform
	EndProjectSection
EndProject
Project("{FAE04EC0-301F-11D3-BF4B-00C04F79EFBC}") = "ChameleonForms.AcceptanceTests", "ChameleonForms.AcceptanceTests\ChameleonForms.AcceptanceTests.csproj", "{67A08E34-2498-404D-9869-E13F4F496B3E}"
EndProject
Project("{2150E333-8FDC-42A3-9474-1A3956D46DE8}") = "docs", "docs", "{F6A47230-CB64-4380-A326-C5562973F32F}"
	ProjectSection(SolutionItems) = preProject
		docs\auto-sentence-case.md = docs\auto-sentence-case.md
		docs\boolean.md = docs\boolean.md
		docs\bootstrap-buttons.png = docs\bootstrap-buttons.png
		docs\bootstrap-example-banner.png = docs\bootstrap-example-banner.png
		docs\bootstrap-template.md = docs\bootstrap-template.md
		docs\comparison.md = docs\comparison.md
		docs\custom-field-generator-handlers.md = docs\custom-field-generator-handlers.md
		docs\custom-field-generator.md = docs\custom-field-generator.md
		docs\custom-template.md = docs\custom-template.md
		docs\datetime-client-side-validation.md = docs\datetime-client-side-validation.md
		docs\datetime.md = docs\datetime.md
		docs\default-fields.md = docs\default-fields.md
		docs\Diagrams.docx = docs\Diagrams.docx
		docs\different-form-models.md = docs\different-form-models.md
		docs\enum.md = docs\enum.md
		docs\extending-field-configuration.md = docs\extending-field-configuration.md
		docs\extending-form-components.md = docs\extending-form-components.md
		docs\field-configuration.md = docs\field-configuration.md
		docs\field-element.md = docs\field-element.md
		docs\field-label.md = docs\field-label.md
		docs\field-validation-html.md = docs\field-validation-html.md
		docs\field.md = docs\field.md
		docs\file-upload.md = docs\file-upload.md
		docs\flags-enum.md = docs\flags-enum.md
		docs\form-templates.md = docs\form-templates.md
		docs\form.png = docs\form.png
		docs\getting-started.md = docs\getting-started.md
		docs\html-attributes.md = docs\html-attributes.md
		docs\html-helper-context.md = docs\html-helper-context.md
		docs\index.md = docs\index.md
		docs\int-field-with-bootstrap-input-group.png = docs\int-field-with-bootstrap-input-group.png
		docs\list.md = docs\list.md
		docs\message.png = docs\message.png
		docs\multiple-enum.md = docs\multiple-enum.md
		docs\multiple-list.md = docs\multiple-list.md
		docs\navigation.png = docs\navigation.png
		docs\partials.md = docs\partials.md
		docs\password.md = docs\password.md
		docs\section.png = docs\section.png
		docs\textarea.md = docs\textarea.md
		docs\the-form.md = docs\the-form.md
		docs\the-message.md = docs\the-message.md
		docs\the-navigation.md = docs\the-navigation.md
		docs\the-section.md = docs\the-section.md
		docs\why.md = docs\why.md
	EndProjectSection
EndProject
Project("{FAE04EC0-301F-11D3-BF4B-00C04F79EFBC}") = "ChameleonForms.Generated", "ChameleonForms.Generated\ChameleonForms.Generated.csproj", "{4BF5B0F5-22FE-41A5-BCE9-D9BDD1AF03A4}"
EndProject
Project("{9A19103F-16F7-4668-BE54-9A1E7A4F7556}") = "ChameleonForms.Example", "ChameleonForms.Example\ChameleonForms.Example.csproj", "{10EC89A6-AFB9-4E74-B22A-5D8C42183668}"
EndProject
Global
	GlobalSection(SolutionConfigurationPlatforms) = preSolution
		CodeAnalysis|Any CPU = CodeAnalysis|Any CPU
		Debug|Any CPU = Debug|Any CPU
		Release|Any CPU = Release|Any CPU
	EndGlobalSection
	GlobalSection(ProjectConfigurationPlatforms) = postSolution
		{854754FE-F40A-47EB-B32D-646E8F35C65F}.CodeAnalysis|Any CPU.ActiveCfg = Release|Any CPU
		{854754FE-F40A-47EB-B32D-646E8F35C65F}.CodeAnalysis|Any CPU.Build.0 = Release|Any CPU
		{854754FE-F40A-47EB-B32D-646E8F35C65F}.Debug|Any CPU.ActiveCfg = Debug|Any CPU
		{854754FE-F40A-47EB-B32D-646E8F35C65F}.Debug|Any CPU.Build.0 = Debug|Any CPU
		{854754FE-F40A-47EB-B32D-646E8F35C65F}.Release|Any CPU.ActiveCfg = Release|Any CPU
		{854754FE-F40A-47EB-B32D-646E8F35C65F}.Release|Any CPU.Build.0 = Release|Any CPU
		{2C424EBF-3B1E-4E01-AAFC-5407EC9B4CD0}.CodeAnalysis|Any CPU.ActiveCfg = Release|Any CPU
		{2C424EBF-3B1E-4E01-AAFC-5407EC9B4CD0}.CodeAnalysis|Any CPU.Build.0 = Release|Any CPU
		{2C424EBF-3B1E-4E01-AAFC-5407EC9B4CD0}.Debug|Any CPU.ActiveCfg = Debug|Any CPU
		{2C424EBF-3B1E-4E01-AAFC-5407EC9B4CD0}.Debug|Any CPU.Build.0 = Debug|Any CPU
		{2C424EBF-3B1E-4E01-AAFC-5407EC9B4CD0}.Release|Any CPU.ActiveCfg = Release|Any CPU
		{2C424EBF-3B1E-4E01-AAFC-5407EC9B4CD0}.Release|Any CPU.Build.0 = Release|Any CPU
		{67A08E34-2498-404D-9869-E13F4F496B3E}.CodeAnalysis|Any CPU.ActiveCfg = Release|Any CPU
		{67A08E34-2498-404D-9869-E13F4F496B3E}.CodeAnalysis|Any CPU.Build.0 = Release|Any CPU
		{67A08E34-2498-404D-9869-E13F4F496B3E}.Debug|Any CPU.ActiveCfg = Debug|Any CPU
		{67A08E34-2498-404D-9869-E13F4F496B3E}.Debug|Any CPU.Build.0 = Debug|Any CPU
		{67A08E34-2498-404D-9869-E13F4F496B3E}.Release|Any CPU.ActiveCfg = Release|Any CPU
		{67A08E34-2498-404D-9869-E13F4F496B3E}.Release|Any CPU.Build.0 = Release|Any CPU
		{4BF5B0F5-22FE-41A5-BCE9-D9BDD1AF03A4}.CodeAnalysis|Any CPU.ActiveCfg = Release|Any CPU
		{4BF5B0F5-22FE-41A5-BCE9-D9BDD1AF03A4}.Debug|Any CPU.ActiveCfg = Debug|Any CPU
		{4BF5B0F5-22FE-41A5-BCE9-D9BDD1AF03A4}.Release|Any CPU.ActiveCfg = Release|Any CPU
		{10EC89A6-AFB9-4E74-B22A-5D8C42183668}.CodeAnalysis|Any CPU.ActiveCfg = Debug|Any CPU
		{10EC89A6-AFB9-4E74-B22A-5D8C42183668}.CodeAnalysis|Any CPU.Build.0 = Debug|Any CPU
		{10EC89A6-AFB9-4E74-B22A-5D8C42183668}.Debug|Any CPU.ActiveCfg = Debug|Any CPU
		{10EC89A6-AFB9-4E74-B22A-5D8C42183668}.Debug|Any CPU.Build.0 = Debug|Any CPU
		{10EC89A6-AFB9-4E74-B22A-5D8C42183668}.Release|Any CPU.ActiveCfg = Release|Any CPU
		{10EC89A6-AFB9-4E74-B22A-5D8C42183668}.Release|Any CPU.Build.0 = Release|Any CPU
	EndGlobalSection
	GlobalSection(SolutionProperties) = preSolution
		HideSolutionNode = FALSE
	EndGlobalSection
	GlobalSection(ExtensibilityGlobals) = postSolution
		SolutionGuid = {3E5A6E79-7EDF-4105-8679-B892FD11799D}
	EndGlobalSection
EndGlobal
